PODS:
  - Flutter (1.0.0)
  - integration_test (0.0.1):
    - Flutter
  - stockfish (1.8.1):
    - Flutter

DEPENDENCIES:
  - Flutter (from `Flutter`)
  - integration_test (from `.symlinks/plugins/integration_test/ios`)
  - stockfish (from `.symlinks/plugins/stockfish/ios`)

EXTERNAL SOURCES:
  Flutter:
    :path: Flutter
  integration_test:
    :path: ".symlinks/plugins/integration_test/ios"
  stockfish:
    :path: ".symlinks/plugins/stockfish/ios"

SPEC CHECKSUMS:
  Flutter: cabc95a1d2626b1b06e7179b784ebcf0c0cde467
  integration_test: 252f60fa39af5e17c3aa9899d35d908a0721b573
  stockfish: 28dc55d97e3640404cfc201f0600301ecdd1a186

PODFILE CHECKSUM: 0dbd5a87e0ace00c9610d2037ac22083a01f861d

COCOAPODS: 1.15.0
